
Microsoft Visual Studio Solution File, Format Version 12.00
# Visual Studio 15
VisualStudioVersion = 15.0.26403.3
MinimumVisualStudioVersion = 10.0.40219.1
Project("{FAE04EC0-301F-11D3-BF4B-00C04F79EFBC}") = "Thrarin.Core", "Thrarin.Core\Thrarin.Core.csproj", "{89869269-F87E-45FC-AB48-248263E0EA67}"
EndProject
Project("{FAE04EC0-301F-11D3-BF4B-00C04F79EFBC}") = "UnitTest.Thrarin.Core", "UnitTest.Thrarin.Core\UnitTest.Thrarin.Core.csproj", "{BFE42187-4F55-4D12-9890-54855887209D}"
EndProject
Project("{FAE04EC0-301F-11D3-BF4B-00C04F79EFBC}") = "Thrarin.Storage.EntityFramework", "Thrarin.Storage.EntityFramework\Thrarin.Storage.EntityFramework.csproj", "{0B3B5F59-A62C-4FA2-BC39-9C78CF30BF0E}"
EndProject
Project("{FAE04EC0-301F-11D3-BF4B-00C04F79EFBC}") = "UnitTest.Thrarin.Storage.Framework", "UnitTest.Thrarin.Storage.Framework\UnitTest.Thrarin.Storage.Framework.csproj", "{C20AD956-9198-4B55-AB79-B4B267E25AD7}"
EndProject
Global
	GlobalSection(SolutionConfigurationPlatforms) = preSolution
		Debug|Any CPU = Debug|Any CPU
		Release|Any CPU = Release|Any CPU
	EndGlobalSection
	GlobalSection(ProjectConfigurationPlatforms) = postSolution
		{89869269-F87E-45FC-AB48-248263E0EA67}.Debug|Any CPU.ActiveCfg = Debug|Any CPU
		{89869269-F87E-45FC-AB48-248263E0EA67}.Debug|Any CPU.Build.0 = Debug|Any CPU
		{89869269-F87E-45FC-AB48-248263E0EA67}.Release|Any CPU.ActiveCfg = Release|Any CPU
		{89869269-F87E-45FC-AB48-248263E0EA67}.Release|Any CPU.Build.0 = Release|Any CPU
		{BFE42187-4F55-4D12-9890-54855887209D}.Debug|Any CPU.ActiveCfg = Debug|Any CPU
		{BFE42187-4F55-4D12-9890-54855887209D}.Debug|Any CPU.Build.0 = Debug|Any CPU
		{BFE42187-4F55-4D12-9890-54855887209D}.Release|Any CPU.ActiveCfg = Release|Any CPU
		{BFE42187-4F55-4D12-9890-54855887209D}.Release|Any CPU.Build.0 = Release|Any CPU
		{0B3B5F59-A62C-4FA2-BC39-9C78CF30BF0E}.Debug|Any CPU.ActiveCfg = Debug|Any CPU
		{0B3B5F59-A62C-4FA2-BC39-9C78CF30BF0E}.Debug|Any CPU.Build.0 = Debug|Any CPU
		{0B3B5F59-A62C-4FA2-BC39-9C78CF30BF0E}.Release|Any CPU.ActiveCfg = Release|Any CPU
		{0B3B5F59-A62C-4FA2-BC39-9C78CF30BF0E}.Release|Any CPU.Build.0 = Release|Any CPU
		{C20AD956-9198-4B55-AB79-B4B267E25AD7}.Debug|Any CPU.ActiveCfg = Debug|Any CPU
		{C20AD956-9198-4B55-AB79-B4B267E25AD7}.Debug|Any CPU.Build.0 = Debug|Any CPU
		{C20AD956-9198-4B55-AB79-B4B267E25AD7}.Release|Any CPU.ActiveCfg = Release|Any CPU
		{C20AD956-9198-4B55-AB79-B4B267E25AD7}.Release|Any CPU.Build.0 = Release|Any CPU
	EndGlobalSection
	GlobalSection(SolutionProperties) = preSolution
		HideSolutionNode = FALSE
	EndGlobalSection
EndGlobal
